
Microsoft Visual Studio Solution File, Format Version 12.00
# Visual Studio Version 16
VisualStudioVersion = 16.0.31911.196
MinimumVisualStudioVersion = 10.0.40219.1
Project("{FAE04EC0-301F-11D3-BF4B-00C04F79EFBC}") = "EFTestJob", "EFTestJob.csproj", "{2DEFF3EB-A6B1-4211-94F2-19982A3E3D06}"
EndProject
Global
	GlobalSection(SolutionConfigurationPlatforms) = preSolution
		Debug|Any CPU = Debug|Any CPU
		Release|Any CPU = Release|Any CPU
	EndGlobalSection
	GlobalSection(ProjectConfigurationPlatforms) = postSolution
		{2DEFF3EB-A6B1-4211-94F2-19982A3E3D06}.Debug|Any CPU.ActiveCfg = Debug|Any CPU
		{2DEFF3EB-A6B1-4211-94F2-19982A3E3D06}.Debug|Any CPU.Build.0 = Debug|Any CPU
		{2DEFF3EB-A6B1-4211-94F2-19982A3E3D06}.Release|Any CPU.ActiveCfg = Release|Any CPU
		{2DEFF3EB-A6B1-4211-94F2-19982A3E3D06}.Release|Any CPU.Build.0 = Release|Any CPU
	EndGlobalSection
	GlobalSection(SolutionProperties) = preSolution
		HideSolutionNode = FALSE
	EndGlobalSection
	GlobalSection(ExtensibilityGlobals) = postSolution
		SolutionGuid = {6D4F9805-AD39-4D7A-82AB-030EBA4571F5}
	EndGlobalSection
EndGlobal
